
Microsoft Visual Studio Solution File, Format Version 12.00
# Visual Studio Version 16
VisualStudioVersion = 16.0.28803.202
MinimumVisualStudioVersion = 10.0.40219.1
Project("{9A19103F-16F7-4668-BE54-9A1E7A4F7556}") = "Integral.Games.Interface", "Integral.Games.Interface\Integral.Games.Interface.csproj", "{F3FA5355-2431-4E1D-B5F9-98F4B4CD3E5F}"
EndProject
Project("{9A19103F-16F7-4668-BE54-9A1E7A4F7556}") = "Integral.Games", "Integral.Games\Integral.Games.csproj", "{52CF4008-BDAC-4767-8DF7-BF05DC6D0A47}"
EndProject
Project("{9A19103F-16F7-4668-BE54-9A1E7A4F7556}") = "Integral.Games.Tests", "Integral.Games.Tests\Integral.Games.Tests.csproj", "{E0CEF98C-B9ED-4C45-8F6C-47C282FF4DD8}"
EndProject
Global
	GlobalSection(SolutionConfigurationPlatforms) = preSolution
		Debug|Any CPU = Debug|Any CPU
		Release|Any CPU = Release|Any CPU
	EndGlobalSection
	GlobalSection(ProjectConfigurationPlatforms) = postSolution
		{F3FA5355-2431-4E1D-B5F9-98F4B4CD3E5F}.Debug|Any CPU.ActiveCfg = Debug|Any CPU
		{F3FA5355-2431-4E1D-B5F9-98F4B4CD3E5F}.Debug|Any CPU.Build.0 = Debug|Any CPU
		{F3FA5355-2431-4E1D-B5F9-98F4B4CD3E5F}.Release|Any CPU.ActiveCfg = Release|Any CPU
		{F3FA5355-2431-4E1D-B5F9-98F4B4CD3E5F}.Release|Any CPU.Build.0 = Release|Any CPU
		{52CF4008-BDAC-4767-8DF7-BF05DC6D0A47}.Debug|Any CPU.ActiveCfg = Debug|Any CPU
		{52CF4008-BDAC-4767-8DF7-BF05DC6D0A47}.Debug|Any CPU.Build.0 = Debug|Any CPU
		{52CF4008-BDAC-4767-8DF7-BF05DC6D0A47}.Release|Any CPU.ActiveCfg = Release|Any CPU
		{52CF4008-BDAC-4767-8DF7-BF05DC6D0A47}.Release|Any CPU.Build.0 = Release|Any CPU
		{E0CEF98C-B9ED-4C45-8F6C-47C282FF4DD8}.Debug|Any CPU.ActiveCfg = Debug|Any CPU
		{E0CEF98C-B9ED-4C45-8F6C-47C282FF4DD8}.Debug|Any CPU.Build.0 = Debug|Any CPU
		{E0CEF98C-B9ED-4C45-8F6C-47C282FF4DD8}.Release|Any CPU.ActiveCfg = Release|Any CPU
		{E0CEF98C-B9ED-4C45-8F6C-47C282FF4DD8}.Release|Any CPU.Build.0 = Release|Any CPU
	EndGlobalSection
	GlobalSection(SolutionProperties) = preSolution
		HideSolutionNode = FALSE
	EndGlobalSection
	GlobalSection(ExtensibilityGlobals) = postSolution
		SolutionGuid = {81E22977-782E-4136-B374-743B33D9D956}
	EndGlobalSection
EndGlobal
